{
  "name": "dialogue-systems-2-2026",
  "lockfileVersion": 3,
  "requires": true,
  "packages": {
    "": {
      "dependencies": {
        "xstate": "^5.32.6"
      }
    },
    "node_modules/xstate": {
      "version": "5.32.6",
      "resolved": "https://registry.npmjs.org/xstate/-/xstate-5.32.6.tgz",
      "integrity": "sha512-WfA8WNrh6r9osuGwVm+aIPM4jmMW2LKHV1Yv9thYpOtL4HVF/kobh95K/O8v2jDCpDmP2EoY+6uvuqHXCZ6ZLw==",
      "license": "MIT",
      "funding": {
        "type": "opencollective",
        "url": "https://opencollective.com/xstate"
      }
    }
  }
}
